
Microsoft Visual Studio Solution File, Format Version 12.00
# Visual Studio Version 17
VisualStudioVersion = 17.4.33122.133
MinimumVisualStudioVersion = 10.0.40219.1
Project("{9A19103F-16F7-4668-BE54-9A1E7A4F7556}") = "TestWebApi", "TestWebApi\TestWebApi.csproj", "{7240419B-6602-446F-9ABF-517FA5F4E989}"
EndProject
Project("{9A19103F-16F7-4668-BE54-9A1E7A4F7556}") = "Domain", "Domain\Domain.csproj", "{BBACCDB9-AF33-444B-80D7-66467E7D17C1}"
EndProject
Project("{9A19103F-16F7-4668-BE54-9A1E7A4F7556}") = "Infrastructure", "Infrastructure\Infrastructure.csproj", "{5BCE96D4-34E9-494E-99EF-2A44AF951D44}"
EndProject
Project("{9A19103F-16F7-4668-BE54-9A1E7A4F7556}") = "Persistence", "Persistence\Persistence.csproj", "{6C026162-B11C-496E-A045-AF28F7187535}"
EndProject
Project("{9A19103F-16F7-4668-BE54-9A1E7A4F7556}") = "Service", "Service\Service.csproj", "{94091DAA-870F-4723-B309-02D9C5070BCB}"
EndProject
Project("{9A19103F-16F7-4668-BE54-9A1E7A4F7556}") = "Service.Abstraction", "Service.Abstraction\Service.Abstraction.csproj", "{DF85690B-5498-4260-AAF4-F9F874F5E0EF}"
EndProject
Project("{9A19103F-16F7-4668-BE54-9A1E7A4F7556}") = "Persistence.Abstraction", "Persistence.Abstraction\Persistence.Abstraction.csproj", "{8DA09C39-6B6A-4862-B913-829BB2876B81}"
EndProject
Project("{9A19103F-16F7-4668-BE54-9A1E7A4F7556}") = "TestWebApiIdentity", "TestWebApiIdentity\TestWebApiIdentity.csproj", "{841B76F4-AF29-4B16-B097-DF8CAA6C81FA}"
EndProject
Global
	GlobalSection(SolutionConfigurationPlatforms) = preSolution
		Debug|Any CPU = Debug|Any CPU
		Release|Any CPU = Release|Any CPU
	EndGlobalSection
	GlobalSection(ProjectConfigurationPlatforms) = postSolution
		{7240419B-6602-446F-9ABF-517FA5F4E989}.Debug|Any CPU.ActiveCfg = Debug|Any CPU
		{7240419B-6602-446F-9ABF-517FA5F4E989}.Debug|Any CPU.Build.0 = Debug|Any CPU
		{7240419B-6602-446F-9ABF-517FA5F4E989}.Release|Any CPU.ActiveCfg = Release|Any CPU
		{7240419B-6602-446F-9ABF-517FA5F4E989}.Release|Any CPU.Build.0 = Release|Any CPU
		{BBACCDB9-AF33-444B-80D7-66467E7D17C1}.Debug|Any CPU.ActiveCfg = Debug|Any CPU
		{BBACCDB9-AF33-444B-80D7-66467E7D17C1}.Debug|Any CPU.Build.0 = Debug|Any CPU
		{BBACCDB9-AF33-444B-80D7-66467E7D17C1}.Release|Any CPU.ActiveCfg = Release|Any CPU
		{BBACCDB9-AF33-444B-80D7-66467E7D17C1}.Release|Any CPU.Build.0 = Release|Any CPU
		{5BCE96D4-34E9-494E-99EF-2A44AF951D44}.Debug|Any CPU.ActiveCfg = Debug|Any CPU
		{5BCE96D4-34E9-494E-99EF-2A44AF951D44}.Debug|Any CPU.Build.0 = Debug|Any CPU
		{5BCE96D4-34E9-494E-99EF-2A44AF951D44}.Release|Any CPU.ActiveCfg = Release|Any CPU
		{5BCE96D4-34E9-494E-99EF-2A44AF951D44}.Release|Any CPU.Build.0 = Release|Any CPU
		{6C026162-B11C-496E-A045-AF28F7187535}.Debug|Any CPU.ActiveCfg = Debug|Any CPU
		{6C026162-B11C-496E-A045-AF28F7187535}.Debug|Any CPU.Build.0 = Debug|Any CPU
		{6C026162-B11C-496E-A045-AF28F7187535}.Release|Any CPU.ActiveCfg = Release|Any CPU
		{6C026162-B11C-496E-A045-AF28F7187535}.Release|Any CPU.Build.0 = Release|Any CPU
		{94091DAA-870F-4723-B309-02D9C5070BCB}.Debug|Any CPU.ActiveCfg = Debug|Any CPU
		{94091DAA-870F-4723-B309-02D9C5070BCB}.Debug|Any CPU.Build.0 = Debug|Any CPU
		{94091DAA-870F-4723-B309-02D9C5070BCB}.Release|Any CPU.ActiveCfg = Release|Any CPU
		{94091DAA-870F-4723-B309-02D9C5070BCB}.Release|Any CPU.Build.0 = Release|Any CPU
		{DF85690B-5498-4260-AAF4-F9F874F5E0EF}.Debug|Any CPU.ActiveCfg = Debug|Any CPU
		{DF85690B-5498-4260-AAF4-F9F874F5E0EF}.Debug|Any CPU.Build.0 = Debug|Any CPU
		{DF85690B-5498-4260-AAF4-F9F874F5E0EF}.Release|Any CPU.ActiveCfg = Release|Any CPU
		{DF85690B-5498-4260-AAF4-F9F874F5E0EF}.Release|Any CPU.Build.0 = Release|Any CPU
		{8DA09C39-6B6A-4862-B913-829BB2876B81}.Debug|Any CPU.ActiveCfg = Debug|Any CPU
		{8DA09C39-6B6A-4862-B913-829BB2876B81}.Debug|Any CPU.Build.0 = Debug|Any CPU
		{8DA09C39-6B6A-4862-B913-829BB2876B81}.Release|Any CPU.ActiveCfg = Release|Any CPU
		{8DA09C39-6B6A-4862-B913-829BB2876B81}.Release|Any CPU.Build.0 = Release|Any CPU
		{841B76F4-AF29-4B16-B097-DF8CAA6C81FA}.Debug|Any CPU.ActiveCfg = Debug|Any CPU
		{841B76F4-AF29-4B16-B097-DF8CAA6C81FA}.Debug|Any CPU.Build.0 = Debug|Any CPU
		{841B76F4-AF29-4B16-B097-DF8CAA6C81FA}.Release|Any CPU.ActiveCfg = Release|Any CPU
		{841B76F4-AF29-4B16-B097-DF8CAA6C81FA}.Release|Any CPU.Build.0 = Release|Any CPU
	EndGlobalSection
	GlobalSection(SolutionProperties) = preSolution
		HideSolutionNode = FALSE
	EndGlobalSection
	GlobalSection(ExtensibilityGlobals) = postSolution
		SolutionGuid = {C16064AF-BE70-4C2A-A769-6E6B24A0C190}
	EndGlobalSection
EndGlobal
